
Microsoft Visual Studio Solution File, Format Version 12.00
# Visual Studio Version 17
VisualStudioVersion = 17.9.34723.18
MinimumVisualStudioVersion = 10.0.40219.1
Project("{FAE04EC0-301F-11D3-BF4B-00C04F79EFBC}") = "Tetrix", "Tetrix\Tetrix.csproj", "{48DC3D9C-5B06-4CDD-9611-070B5FCD8F59}"
EndProject
Global
	GlobalSection(SolutionConfigurationPlatforms) = preSolution
		Debug|Any CPU = Debug|Any CPU
		Release|Any CPU = Release|Any CPU
	EndGlobalSection
	GlobalSection(ProjectConfigurationPlatforms) = postSolution
		{48DC3D9C-5B06-4CDD-9611-070B5FCD8F59}.Debug|Any CPU.ActiveCfg = Debug|Any CPU
		{48DC3D9C-5B06-4CDD-9611-070B5FCD8F59}.Debug|Any CPU.Build.0 = Debug|Any CPU
		{48DC3D9C-5B06-4CDD-9611-070B5FCD8F59}.Release|Any CPU.ActiveCfg = Release|Any CPU
		{48DC3D9C-5B06-4CDD-9611-070B5FCD8F59}.Release|Any CPU.Build.0 = Release|Any CPU
	EndGlobalSection
	GlobalSection(SolutionProperties) = preSolution
		HideSolutionNode = FALSE
	EndGlobalSection
	GlobalSection(ExtensibilityGlobals) = postSolution
		SolutionGuid = {179E7C85-241A-4A4F-9F61-FC85C3D5F7FE}
	EndGlobalSection
EndGlobal
